// !$*UTF8*$!
{
	archiveVersion = 1;
	classes = {
	};
	objectVersion = 50;
	objects = {

/* Begin PBXBuildFile section */
		3FF011AA26C355500036F5CE /* AppDelegate.swift in Sources */ = {isa = PBXBuildFile; fileRef = 3FF011A926C355500036F5CE /* AppDelegate.swift */; };
		3FF011AC26C355500036F5CE /* SceneDelegate.swift in Sources */ = {isa = PBXBuildFile; fileRef = 3FF011AB26C355500036F5CE /* SceneDelegate.swift */; };
		3FF011AE26C355500036F5CE /* ViewController.swift in Sources */ = {isa = PBXBuildFile; fileRef = 3FF011AD26C355500036F5CE /* ViewController.swift */; };
		3FF011B126C355500036F5CE /* Main.storyboard in Resources */ = {isa = PBXBuildFile; fileRef = 3FF011AF26C355500036F5CE /* Main.storyboard */; };
		3FF011B326C355530036F5CE /* Assets.xcassets in Resources */ = {isa = PBXBuildFile; fileRef = 3FF011B226C355530036F5CE /* Assets.xcassets */; };
		3FF011B626C355530036F5CE /* LaunchScreen.storyboard in Resources */ = {isa = PBXBuildFile; fileRef = 3FF011B426C355530036F5CE /* LaunchScreen.storyboard */; };
		3FF011C126C355530036F5CE /* Mariyah_A_Mariyah_sAudioAppTests.swift in Sources */ = {isa = PBXBuildFile; fileRef = 3FF011C026C355530036F5CE /* Mariyah_A_Mariyah_sAudioAppTests.swift */; };
		3FF011CC26C355530036F5CE /* Mariyah_A_Mariyah_sAudioAppUITests.swift in Sources */ = {isa = PBXBuildFile; fileRef = 3FF011CB26C355530036F5CE /* Mariyah_A_Mariyah_sAudioAppUITests.swift */; };
		3FF011DA26C356890036F5CE /* Wii.jpeg in Resources */ = {isa = PBXBuildFile; fileRef = 3FF011D926C356890036F5CE /* Wii.jpeg */; };
		3FF011DC26C357F90036F5CE /* 03. Mii Channel.mp3 in Resources */ = {isa = PBXBuildFile; fileRef = 3FF011DB26C357F90036F5CE /* 03. Mii Channel.mp3 */; };
/* End PBXBuildFile section */

/* Begin PBXContainerItemProxy section */
		3FF011BD26C355530036F5CE /* PBXContainerItemProxy */ = {
			isa = PBXContainerItemProxy;
			containerPortal = 3FF0119E26C355500036F5CE /* Project object */;
			proxyType = 1;
			remoteGlobalIDString = 3FF011A526C355500036F5CE;
			remoteInfo = "Mariyah_A_Mariyah'sAudioApp";
		};
		3FF011C826C355530036F5CE /* PBXContainerItemProxy */ = {
			isa = PBXContainerItemProxy;
			containerPortal = 3FF0119E26C355500036F5CE /* Project object */;
			proxyType = 1;
			remoteGlobalIDString = 3FF011A526C355500036F5CE;
			remoteInfo = "Mariyah_A_Mariyah'sAudioApp";
		};
/* End PBXContainerItemProxy section */

/* Begin PBXFileReference section */
		3FF011A626C355500036F5CE /* Mariyah_A_Mariyah'sAudioApp.app */ = {isa = PBXFileReference; explicitFileType = wrapper.application; includeInIndex = 0; path = "Mariyah_A_Mariyah'sAudioApp.app"; sourceTree = BUILT_PRODUCTS_DIR; };
		3FF011A926C355500036F5CE /* AppDelegate.swift */ = {isa = PBXFileReference; lastKnownFileType = sourcecode.swift; path = AppDelegate.swift; sourceTree = "<group>"; };
		3FF011AB26C355500036F5CE /* SceneDelegate.swift */ = {isa = PBXFileReference; lastKnownFileType = sourcecode.swift; path = SceneDelegate.swift; sourceTree = "<group>"; };
		3FF011AD26C355500036F5CE /* ViewController.swift */ = {isa = PBXFileReference; lastKnownFileType = sourcecode.swift; path = ViewController.swift; sourceTree = "<group>"; };
		3FF011B026C355500036F5CE /* Base */ = {isa = PBXFileReference; lastKnownFileType = file.storyboard; name = Base; path = Base.lproj/Main.storyboard; sourceTree = "<group>"; };
		3FF011B226C355530036F5CE /* Assets.xcassets */ = {isa = PBXFileReference; lastKnownFileType = folder.assetcatalog; path = Assets.xcassets; sourceTree = "<group>"; };
		3FF011B526C355530036F5CE /* Base */ = {isa = PBXFileReference; lastKnownFileType = file.storyboard; name = Base; path = Base.lproj/LaunchScreen.storyboard; sourceTree = "<group>"; };
		3FF011B726C355530036F5CE /* Info.plist */ = {isa = PBXFileReference; lastKnownFileType = text.plist.xml; path = Info.plist; sourceTree = "<group>"; };
		3FF011BC26C355530036F5CE /* Mariyah_A_Mariyah'sAudioAppTests.xctest */ = {isa = PBXFileReference; explicitFileType = wrapper.cfbundle; includeInIndex = 0; path = "Mariyah_A_Mariyah'sAudioAppTests.xctest"; sourceTree = BUILT_PRODUCTS_DIR; };
		3FF011C026C355530036F5CE /* Mariyah_A_Mariyah_sAudioAppTests.swift */ = {isa = PBXFileReference; lastKnownFileType = sourcecode.swift; path = Mariyah_A_Mariyah_sAudioAppTests.swift; sourceTree = "<group>"; };
		3FF011C226C355530036F5CE /* Info.plist */ = {isa = PBXFileReference; lastKnownFileType = text.plist.xml; path = Info.plist; sourceTree = "<group>"; };
		3FF011C726C355530036F5CE /* Mariyah_A_Mariyah'sAudioAppUITests.xctest */ = {isa = PBXFileReference; explicitFileType = wrapper.cfbundle; includeInIndex = 0; path = "Mariyah_A_Mariyah'sAudioAppUITests.xctest"; sourceTree = BUILT_PRODUCTS_DIR; };
		3FF011CB26C355530036F5CE /* Mariyah_A_Mariyah_sAudioAppUITests.swift */ = {isa = PBXFileReference; lastKnownFileType = sourcecode.swift; path = Mariyah_A_Mariyah_sAudioAppUITests.swift; sourceTree = "<group>"; };
		3FF011CD26C355530036F5CE /* Info.plist */ = {isa = PBXFileReference; lastKnownFileType = text.plist.xml; path = Info.plist; sourceTree = "<group>"; };
		3FF011D926C356890036F5CE /* Wii.jpeg */ = {isa = PBXFileReference; lastKnownFileType = image.jpeg; name = Wii.jpeg; path = ../../../../Downloads/Wii.jpeg; sourceTree = "<group>"; };
		3FF011DB26C357F90036F5CE /* 03. Mii Channel.mp3 */ = {isa = PBXFileReference; lastKnownFileType = audio.mp3; name = "03. Mii Channel.mp3"; path = "../../../../Downloads/03. Mii Channel.mp3"; sourceTree = "<group>"; };
/* End PBXFileReference section */

/* Begin PBXFrameworksBuildPhase section */
		3FF011A326C355500036F5CE /* Frameworks */ = {
			isa = PBXFrameworksBuildPhase;
			buildActionMask = 2147483647;
			files = (
			);
			runOnlyForDeploymentPostprocessing = 0;
		};
		3FF011B926C355530036F5CE /* Frameworks */ = {
			isa = PBXFrameworksBuildPhase;
			buildActionMask = 2147483647;
			files = (
			);
			runOnlyForDeploymentPostprocessing = 0;
		};
		3FF011C426C355530036F5CE /* Frameworks */ = {
			isa = PBXFrameworksBuildPhase;
			buildActionMask = 2147483647;
			files = (
			);
			runOnlyForDeploymentPostprocessing = 0;
		};
/* End PBXFrameworksBuildPhase section */

/* Begin PBXGroup section */
		3FF0119D26C355500036F5CE = {
			isa = PBXGroup;
			children = (
				3FF011A826C355500036F5CE /* Mariyah_A_Mariyah'sAudioApp */,
				3FF011BF26C355530036F5CE /* Mariyah_A_Mariyah'sAudioAppTests */,
				3FF011CA26C355530036F5CE /* Mariyah_A_Mariyah'sAudioAppUITests */,
				3FF011A726C355500036F5CE /* Products */,
			);
			sourceTree = "<group>";
		};
		3FF011A726C355500036F5CE /* Products */ = {
			isa = PBXGroup;
			children = (
				3FF011A626C355500036F5CE /* Mariyah_A_Mariyah'sAudioApp.app */,
				3FF011BC26C355530036F5CE /* Mariyah_A_Mariyah'sAudioAppTests.xctest */,
				3FF011C726C355530036F5CE /* Mariyah_A_Mariyah'sAudioAppUITests.xctest */,
			);
			name = Products;
			sourceTree = "<group>";
		};
		3FF011A826C355500036F5CE /* Mariyah_A_Mariyah'sAudioApp */ = {
			isa = PBXGroup;
			children = (
				3FF011A926C355500036F5CE /* AppDelegate.swift */,
				3FF011AB26C355500036F5CE /* SceneDelegate.swift */,
				3FF011AD26C355500036F5CE /* ViewController.swift */,
				3FF011AF26C355500036F5CE /* Main.storyboard */,
				3FF011B226C355530036F5CE /* Assets.xcassets */,
				3FF011DB26C357F90036F5CE /* 03. Mii Channel.mp3 */,
				3FF011D926C356890036F5CE /* Wii.jpeg */,
				3FF011B426C355530036F5CE /* LaunchScreen.storyboard */,
				3FF011B726C355530036F5CE /* Info.plist */,
			);
			path = "Mariyah_A_Mariyah'sAudioApp";
			sourceTree = "<group>";
		};
		3FF011BF26C355530036F5CE /* Mariyah_A_Mariyah'sAudioAppTests */ = {
			isa = PBXGroup;
			children = (
				3FF011C026C355530036F5CE /* Mariyah_A_Mariyah_sAudioAppTests.swift */,
				3FF011C226C355530036F5CE /* Info.plist */,
			);
			path = "Mariyah_A_Mariyah'sAudioAppTests";
			sourceTree = "<group>";
		};
		3FF011CA26C355530036F5CE /* Mariyah_A_Mariyah'sAudioAppUITests */ = {
			isa = PBXGroup;
			children = (
				3FF011CB26C355530036F5CE /* Mariyah_A_Mariyah_sAudioAppUITests.swift */,
				3FF011CD26C355530036F5CE /* Info.plist */,
			);
			path = "Mariyah_A_Mariyah'sAudioAppUITests";
			sourceTree = "<group>";
		};
/* End PBXGroup section */

/* Begin PBXNativeTarget section */
		3FF011A526C355500036F5CE /* Mariyah_A_Mariyah'sAudioApp */ = {
			isa = PBXNativeTarget;
			buildConfigurationList = 3FF011D026C355530036F5CE /* Build configuration list for PBXNativeTarget "Mariyah_A_Mariyah'sAudioApp" */;
			buildPhases = (
				3FF011A226C355500036F5CE /* Sources */,
				3FF011A326C355500036F5CE /* Frameworks */,
				3FF011A426C355500036F5CE /* Resources */,
			);
			buildRules = (
			);
			dependencies = (
			);
			name = "Mariyah_A_Mariyah'sAudioApp";
			productName = "Mariyah_A_Mariyah'sAudioApp";
			productReference = 3FF011A626C355500036F5CE /* Mariyah_A_Mariyah'sAudioApp.app */;
			productType = "com.apple.product-type.application";
		};
		3FF011BB26C355530036F5CE /* Mariyah_A_Mariyah'sAudioAppTests */ = {
			isa = PBXNativeTarget;
			buildConfigurationList = 3FF011D326C355530036F5CE /* Build configuration list for PBXNativeTarget "Mariyah_A_Mariyah'sAudioAppTests" */;
			buildPhases = (
				3FF011B826C355530036F5CE /* Sources */,
				3FF011B926C355530036F5CE /* Frameworks */,
				3FF011BA26C355530036F5CE /* Resources */,
			);
			buildRules = (
			);
			dependencies = (
				3FF011BE26C355530036F5CE /* PBXTargetDependency */,
			);
			name = "Mariyah_A_Mariyah'sAudioAppTests";
			productName = "Mariyah_A_Mariyah'sAudioAppTests";
			productReference = 3FF011BC26C355530036F5CE /* Mariyah_A_Mariyah'sAudioAppTests.xctest */;
			productType = "com.apple.product-type.bundle.unit-test";
		};
		3FF011C626C355530036F5CE /* Mariyah_A_Mariyah'sAudioAppUITests */ = {
			isa = PBXNativeTarget;
			buildConfigurationList = 3FF011D626C355530036F5CE /* Build configuration list for PBXNativeTarget "Mariyah_A_Mariyah'sAudioAppUITests" */;
			buildPhases = (
				3FF011C326C355530036F5CE /* Sources */,
				3FF011C426C355530036F5CE /* Frameworks */,
				3FF011C526C355530036F5CE /* Resources */,
			);
			buildRules = (
			);
			dependencies = (
				3FF011C926C355530036F5CE /* PBXTargetDependency */,
			);
			name = "Mariyah_A_Mariyah'sAudioAppUITests";
			productName = "Mariyah_A_Mariyah'sAudioAppUITests";
			productReference = 3FF011C726C355530036F5CE /* Mariyah_A_Mariyah'sAudioAppUITests.xctest */;
			productType = "com.apple.product-type.bundle.ui-testing";
		};
/* End PBXNativeTarget section */

/* Begin PBXProject section */
		3FF0119E26C355500036F5CE /* Project object */ = {
			isa = PBXProject;
			attributes = {
				LastSwiftUpdateCheck = 1250;
				LastUpgradeCheck = 1250;
				TargetAttributes = {
					3FF011A526C355500036F5CE = {
						CreatedOnToolsVersion = 12.5;
					};
					3FF011BB26C355530036F5CE = {
						CreatedOnToolsVersion = 12.5;
						TestTargetID = 3FF011A526C355500036F5CE;
					};
					3FF011C626C355530036F5CE = {
						CreatedOnToolsVersion = 12.5;
						TestTargetID = 3FF011A526C355500036F5CE;
					};
				};
			};
			buildConfigurationList = 3FF011A126C355500036F5CE /* Build configuration list for PBXProject "Mariyah_A_Mariyah'sAudioApp" */;
			compatibilityVersion = "Xcode 9.3";
			developmentRegion = en;
			hasScannedForEncodings = 0;
			knownRegions = (
				en,
				Base,
			);
			mainGroup = 3FF0119D26C355500036F5CE;
			productRefGroup = 3FF011A726C355500036F5CE /* Products */;
			projectDirPath = "";
			projectRoot = "";
			targets = (
				3FF011A526C355500036F5CE /* Mariyah_A_Mariyah'sAudioApp */,
				3FF011BB26C355530036F5CE /* Mariyah_A_Mariyah'sAudioAppTests */,
				3FF011C626C355530036F5CE /* Mariyah_A_Mariyah'sAudioAppUITests */,
			);
		};
/* End PBXProject section */

/* Begin PBXResourcesBuildPhase section */
		3FF011A426C355500036F5CE /* Resources */ = {
			isa = PBXResourcesBuildPhase;
			buildActionMask = 2147483647;
			files = (
				3FF011B626C355530036F5CE /* LaunchScreen.storyboard in Resources */,
				3FF011DA26C356890036F5CE /* Wii.jpeg in Resources */,
				3FF011B326C355530036F5CE /* Assets.xcassets in Resources */,
				3FF011B126C355500036F5CE /* Main.storyboard in Resources */,
				3FF011DC26C357F90036F5CE /* 03. Mii Channel.mp3 in Resources */,
			);
			runOnlyForDeploymentPostprocessing = 0;
		};
		3FF011BA26C355530036F5CE /* Resources */ = {
			isa = PBXResourcesBuildPhase;
			buildActionMask = 2147483647;
			files = (
			);
			runOnlyForDeploymentPostprocessing = 0;
		};
		3FF011C526C355530036F5CE /* Resources */ = {
			isa = PBXResourcesBuildPhase;
			buildActionMask = 2147483647;
			files = (
			);
			runOnlyForDeploymentPostprocessing = 0;
		};
/* End PBXResourcesBuildPhase section */

/* Begin PBXSourcesBuildPhase section */
		3FF011A226C355500036F5CE /* Sources */ = {
			isa = PBXSourcesBuildPhase;
			buildActionMask = 2147483647;
			files = (
				3FF011AE26C355500036F5CE /* ViewController.swift in Sources */,
				3FF011AA26C355500036F5CE /* AppDelegate.swift in Sources */,
				3FF011AC26C355500036F5CE /* SceneDelegate.swift in Sources */,
			);
			runOnlyForDeploymentPostprocessing = 0;
		};
		3FF011B826C355530036F5CE /* Sources */ = {
			isa = PBXSourcesBuildPhase;
			buildActionMask = 2147483647;
			files = (
				3FF011C126C355530036F5CE /* Mariyah_A_Mariyah_sAudioAppTests.swift in Sources */,
			);
			runOnlyForDeploymentPostprocessing = 0;
		};
		3FF011C326C355530036F5CE /* Sources */ = {
			isa = PBXSourcesBuildPhase;
			buildActionMask = 2147483647;
			files = (
				3FF011CC26C355530036F5CE /* Mariyah_A_Mariyah_sAudioAppUITests.swift in Sources */,
			);
			runOnlyForDeploymentPostprocessing = 0;
		};
/* End PBXSourcesBuildPhase section */

/* Begin PBXTargetDependency section */
		3FF011BE26C355530036F5CE /* PBXTargetDependency */ = {
			isa = PBXTargetDependency;
			target = 3FF011A526C355500036F5CE /* Mariyah_A_Mariyah'sAudioApp */;
			targetProxy = 3FF011BD26C355530036F5CE /* PBXContainerItemProxy */;
		};
		3FF011C926C355530036F5CE /* PBXTargetDependency */ = {
			isa = PBXTargetDependency;
			target = 3FF011A526C355500036F5CE /* Mariyah_A_Mariyah'sAudioApp */;
			targetProxy = 3FF011C826C355530036F5CE /* PBXContainerItemProxy */;
		};
/* End PBXTargetDependency section */

/* Begin PBXVariantGroup section */
		3FF011AF26C355500036F5CE /* Main.storyboard */ = {
			isa = PBXVariantGroup;
			children = (
				3FF011B026C355500036F5CE /* Base */,
			);
			name = Main.storyboard;
			sourceTree = "<group>";
		};
		3FF011B426C355530036F5CE /* LaunchScreen.storyboard */ = {
			isa = PBXVariantGroup;
			children = (
				3FF011B526C355530036F5CE /* Base */,
			);
			name = LaunchScreen.storyboard;
			sourceTree = "<group>";
		};
/* End PBXVariantGroup section */

/* Begin XCBuildConfiguration section */
		3FF011CE26C355530036F5CE /* Debug */ = {
			isa = XCBuildConfiguration;
			buildSettings = {
				ALWAYS_SEARCH_USER_PATHS = NO;
				CLANG_ANALYZER_NONNULL = YES;
				CLANG_ANALYZER_NUMBER_OBJECT_CONVERSION = YES_AGGRESSIVE;
				CLANG_CXX_LANGUAGE_STANDARD = "gnu++14";
				CLANG_CXX_LIBRARY = "libc++";
				CLANG_ENABLE_MODULES = YES;
				CLANG_ENABLE_OBJC_ARC = YES;
				CLANG_ENABLE_OBJC_WEAK = YES;
				CLANG_WARN_BLOCK_CAPTURE_AUTORELEASING = YES;
				CLANG_WARN_BOOL_CONVERSION = YES;
				CLANG_WARN_COMMA = YES;
				CLANG_WARN_CONSTANT_CONVERSION = YES;
				CLANG_WARN_DEPRECATED_OBJC_IMPLEMENTATIONS = YES;
				CLANG_WARN_DIRECT_OBJC_ISA_USAGE = YES_ERROR;
				CLANG_WARN_DOCUMENTATION_COMMENTS = YES;
				CLANG_WARN_EMPTY_BODY = YES;
				CLANG_WARN_ENUM_CONVERSION = YES;
				CLANG_WARN_INFINITE_RECURSION = YES;
				CLANG_WARN_INT_CONVERSION = YES;
				CLANG_WARN_NON_LITERAL_NULL_CONVERSION = YES;
				CLANG_WARN_OBJC_IMPLICIT_RETAIN_SELF = YES;
				CLANG_WARN_OBJC_LITERAL_CONVERSION = YES;
				CLANG_WARN_OBJC_ROOT_CLASS = YES_ERROR;
				CLANG_WARN_QUOTED_INCLUDE_IN_FRAMEWORK_HEADER = YES;
				CLANG_WARN_RANGE_LOOP_ANALYSIS = YES;
				CLANG_WARN_STRICT_PROTOTYPES = YES;
				CLANG_WARN_SUSPICIOUS_MOVE = YES;
				CLANG_WARN_UNGUARDED_AVAILABILITY = YES_AGGRESSIVE;
				CLANG_WARN_UNREACHABLE_CODE = YES;
				CLANG_WARN__DUPLICATE_METHOD_MATCH = YES;
				COPY_PHASE_STRIP = NO;
				DEBUG_INFORMATION_FORMAT = dwarf;
				ENABLE_STRICT_OBJC_MSGSEND = YES;
				ENABLE_TESTABILITY = YES;
				GCC_C_LANGUAGE_STANDARD = gnu11;
				GCC_DYNAMIC_NO_PIC = NO;
				GCC_NO_COMMON_BLOCKS = YES;
				GCC_OPTIMIZATION_LEVEL = 0;
				GCC_PREPROCESSOR_DEFINITIONS = (
					"DEBUG=1",
					"$(inherited)",
				);
				GCC_WARN_64_TO_32_BIT_CONVERSION = YES;
				GCC_WARN_ABOUT_RETURN_TYPE = YES_ERROR;
				GCC_WARN_UNDECLARED_SELECTOR = YES;
				GCC_WARN_UNINITIALIZED_AUTOS = YES_AGGRESSIVE;
				GCC_WARN_UNUSED_FUNCTION = YES;
				GCC_WARN_UNUSED_VARIABLE = YES;
				IPHONEOS_DEPLOYMENT_TARGET = 14.5;
				MTL_ENABLE_DEBUG_INFO = INCLUDE_SOURCE;
				MTL_FAST_MATH = YES;
				ONLY_ACTIVE_ARCH = YES;
				SDKROOT = iphoneos;
				SWIFT_ACTIVE_COMPILATION_CONDITIONS = DEBUG;
				SWIFT_OPTIMIZATION_LEVEL = "-Onone";
			};
			name = Debug;
		};
		3FF011CF26C355530036F5CE /* Release */ = {
			isa = XCBuildConfiguration;
			buildSettings = {
				ALWAYS_SEARCH_USER_PATHS = NO;
				CLANG_ANALYZER_NONNULL = YES;
				CLANG_ANALYZER_NUMBER_OBJECT_CONVERSION = YES_AGGRESSIVE;
				CLANG_CXX_LANGUAGE_STANDARD = "gnu++14";
				CLANG_CXX_LIBRARY = "libc++";
				CLANG_ENABLE_MODULES = YES;
				CLANG_ENABLE_OBJC_ARC = YES;
				CLANG_ENABLE_OBJC_WEAK = YES;
				CLANG_WARN_BLOCK_CAPTURE_AUTORELEASING = YES;
				CLANG_WARN_BOOL_CONVERSION = YES;
				CLANG_WARN_COMMA = YES;
				CLANG_WARN_CONSTANT_CONVERSION = YES;
				CLANG_WARN_DEPRECATED_OBJC_IMPLEMENTATIONS = YES;
				CLANG_WARN_DIRECT_OBJC_ISA_USAGE = YES_ERROR;
				CLANG_WARN_DOCUMENTATION_COMMENTS = YES;
				CLANG_WARN_EMPTY_BODY = YES;
				CLANG_WARN_ENUM_CONVERSION = YES;
				CLANG_WARN_INFINITE_RECURSION = YES;
				CLANG_WARN_INT_CONVERSION = YES;
				CLANG_WARN_NON_LITERAL_NULL_CONVERSION = YES;
				CLANG_WARN_OBJC_IMPLICIT_RETAIN_SELF = YES;
				CLANG_WARN_OBJC_LITERAL_CONVERSION = YES;
				CLANG_WARN_OBJC_ROOT_CLASS = YES_ERROR;
				CLANG_WARN_QUOTED_INCLUDE_IN_FRAMEWORK_HEADER = YES;
				CLANG_WARN_RANGE_LOOP_ANALYSIS = YES;
				CLANG_WARN_STRICT_PROTOTYPES = YES;
				CLANG_WARN_SUSPICIOUS_MOVE = YES;
				CLANG_WARN_UNGUARDED_AVAILABILITY = YES_AGGRESSIVE;
				CLANG_WARN_UNREACHABLE_CODE = YES;
				CLANG_WARN__DUPLICATE_METHOD_MATCH = YES;
				COPY_PHASE_STRIP = NO;
				DEBUG_INFORMATION_FORMAT = "dwarf-with-dsym";
				ENABLE_NS_ASSERTIONS = NO;
				ENABLE_STRICT_OBJC_MSGSEND = YES;
				GCC_C_LANGUAGE_STANDARD = gnu11;
				GCC_NO_COMMON_BLOCKS = YES;
				GCC_WARN_64_TO_32_BIT_CONVERSION = YES;
				GCC_WARN_ABOUT_RETURN_TYPE = YES_ERROR;
				GCC_WARN_UNDECLARED_SELECTOR = YES;
				GCC_WARN_UNINITIALIZED_AUTOS = YES_AGGRESSIVE;
				GCC_WARN_UNUSED_FUNCTION = YES;
				GCC_WARN_UNUSED_VARIABLE = YES;
				IPHONEOS_DEPLOYMENT_TARGET = 14.5;
				MTL_ENABLE_DEBUG_INFO = NO;
				MTL_FAST_MATH = YES;
				SDKROOT = iphoneos;
				SWIFT_COMPILATION_MODE = wholemodule;
				SWIFT_OPTIMIZATION_LEVEL = "-O";
				VALIDATE_PRODUCT = YES;
			};
			name = Release;
		};
		3FF011D126C355530036F5CE /* Debug */ = {
			isa = XCBuildConfiguration;
			buildSettings = {
				ASSETCATALOG_COMPILER_APPICON_NAME = AppIcon;
				ASSETCATALOG_COMPILER_GLOBAL_ACCENT_COLOR_NAME = AccentColor;
				CODE_SIGN_STYLE = Automatic;
				INFOPLIST_FILE = "Mariyah_A_Mariyah'sAudioApp/Info.plist";
				LD_RUNPATH_SEARCH_PATHS = (
					"$(inherited)",
					"@executable_path/Frameworks",
				);
				PRODUCT_BUNDLE_IDENTIFIER = "hi.Mariyah-A-Mariyah-sAudioApp";
				PRODUCT_NAME = "$(TARGET_NAME)";
				SWIFT_VERSION = 5.0;
				TARGETED_DEVICE_FAMILY = "1,2";
			};
			name = Debug;
		};
		3FF011D226C355530036F5CE /* Release */ = {
			isa = XCBuildConfiguration;
			buildSettings = {
				ASSETCATALOG_COMPILER_APPICON_NAME = AppIcon;
				ASSETCATALOG_COMPILER_GLOBAL_ACCENT_COLOR_NAME = AccentColor;
				CODE_SIGN_STYLE = Automatic;
				INFOPLIST_FILE = "Mariyah_A_Mariyah'sAudioApp/Info.plist";
				LD_RUNPATH_SEARCH_PATHS = (
					"$(inherited)",
					"@executable_path/Frameworks",
				);
				PRODUCT_BUNDLE_IDENTIFIER = "hi.Mariyah-A-Mariyah-sAudioApp";
				PRODUCT_NAME = "$(TARGET_NAME)";
				SWIFT_VERSION = 5.0;
				TARGETED_DEVICE_FAMILY = "1,2";
			};
			name = Release;
		};
		3FF011D426C355530036F5CE /* Debug */ = {
			isa = XCBuildConfiguration;
			buildSettings = {
				ALWAYS_EMBED_SWIFT_STANDARD_LIBRARIES = YES;
				BUNDLE_LOADER = "$(TEST_HOST)";
				CODE_SIGN_STYLE = Automatic;
				INFOPLIST_FILE = "Mariyah_A_Mariyah'sAudioAppTests/Info.plist";
				IPHONEOS_DEPLOYMENT_TARGET = 14.5;
				LD_RUNPATH_SEARCH_PATHS = (
					"$(inherited)",
					"@executable_path/Frameworks",
					"@loader_path/Frameworks",
				);
				PRODUCT_BUNDLE_IDENTIFIER = "hi.Mariyah-A-Mariyah-sAudioAppTests";
				PRODUCT_NAME = "$(TARGET_NAME)";
				SWIFT_VERSION = 5.0;
				TARGETED_DEVICE_FAMILY = "1,2";
				TEST_HOST = "$(BUILT_PRODUCTS_DIR)/Mariyah_A_Mariyah'sAudioApp.app/Mariyah_A_Mariyah'sAudioApp";
			};
			name = Debug;
		};
		3FF011D526C355530036F5CE /* Release */ = {
			isa = XCBuildConfiguration;
			buildSettings = {
				ALWAYS_EMBED_SWIFT_STANDARD_LIBRARIES = YES;
				BUNDLE_LOADER = "$(TEST_HOST)";
				CODE_SIGN_STYLE = Automatic;
				INFOPLIST_FILE = "Mariyah_A_Mariyah'sAudioAppTests/Info.plist";
				IPHONEOS_DEPLOYMENT_TARGET = 14.5;
				LD_RUNPATH_SEARCH_PATHS = (
					"$(inherited)",
					"@executable_path/Frameworks",
					"@loader_path/Frameworks",
				);
				PRODUCT_BUNDLE_IDENTIFIER = "hi.Mariyah-A-Mariyah-sAudioAppTests";
				PRODUCT_NAME = "$(TARGET_NAME)";
				SWIFT_VERSION = 5.0;
				TARGETED_DEVICE_FAMILY = "1,2";
				TEST_HOST = "$(BUILT_PRODUCTS_DIR)/Mariyah_A_Mariyah'sAudioApp.app/Mariyah_A_Mariyah'sAudioApp";
			};
			name = Release;
		};
		3FF011D726C355530036F5CE /* Debug */ = {
			isa = XCBuildConfiguration;
			buildSettings = {
				ALWAYS_EMBED_SWIFT_STANDARD_LIBRARIES = YES;
				CODE_SIGN_STYLE = Automatic;
				INFOPLIST_FILE = "Mariyah_A_Mariyah'sAudioAppUITests/Info.plist";
				LD_RUNPATH_SEARCH_PATHS = (
					"$(inherited)",
					"@executable_path/Frameworks",
					"@loader_path/Frameworks",
				);
				PRODUCT_BUNDLE_IDENTIFIER = "hi.Mariyah-A-Mariyah-sAudioAppUITests";
				PRODUCT_NAME = "$(TARGET_NAME)";
				SWIFT_VERSION = 5.0;
				TARGETED_DEVICE_FAMILY = "1,2";
				TEST_TARGET_NAME = "Mariyah_A_Mariyah'sAudioApp";
			};
			name = Debug;
		};
		3FF011D826C355530036F5CE /* Release */ = {
			isa = XCBuildConfiguration;
			buildSettings = {
				ALWAYS_EMBED_SWIFT_STANDARD_LIBRARIES = YES;
				CODE_SIGN_STYLE = Automatic;
				INFOPLIST_FILE = "Mariyah_A_Mariyah'sAudioAppUITests/Info.plist";
				LD_RUNPATH_SEARCH_PATHS = (
					"$(inherited)",
					"@executable_path/Frameworks",
					"@loader_path/Frameworks",
				);
				PRODUCT_BUNDLE_IDENTIFIER = "hi.Mariyah-A-Mariyah-sAudioAppUITests";
				PRODUCT_NAME = "$(TARGET_NAME)";
				SWIFT_VERSION = 5.0;
				TARGETED_DEVICE_FAMILY = "1,2";
				TEST_TARGET_NAME = "Mariyah_A_Mariyah'sAudioApp";
			};
			name = Release;
		};
/* End XCBuildConfiguration section */

/* Begin XCConfigurationList section */
		3FF011A126C355500036F5CE /* Build configuration list for PBXProject "Mariyah_A_Mariyah'sAudioApp" */ = {
			isa = XCConfigurationList;
			buildConfigurations = (
				3FF011CE26C355530036F5CE /* Debug */,
				3FF011CF26C355530036F5CE /* Release */,
			);
			defaultConfigurationIsVisible = 0;
			defaultConfigurationName = Release;
		};
		3FF011D026C355530036F5CE /* Build configuration list for PBXNativeTarget "Mariyah_A_Mariyah'sAudioApp" */ = {
			isa = XCConfigurationList;
			buildConfigurations = (
				3FF011D126C355530036F5CE /* Debug */,
				3FF011D226C355530036F5CE /* Release */,
			);
			defaultConfigurationIsVisible = 0;
			defaultConfigurationName = Release;
		};
		3FF011D326C355530036F5CE /* Build configuration list for PBXNativeTarget "Mariyah_A_Mariyah'sAudioAppTests" */ = {
			isa = XCConfigurationList;
			buildConfigurations = (
				3FF011D426C355530036F5CE /* Debug */,
				3FF011D526C355530036F5CE /* Release */,
			);
			defaultConfigurationIsVisible = 0;
			defaultConfigurationName = Release;
		};
		3FF011D626C355530036F5CE /* Build configuration list for PBXNativeTarget "Mariyah_A_Mariyah'sAudioAppUITests" */ = {
			isa = XCConfigurationList;
			buildConfigurations = (
				3FF011D726C355530036F5CE /* Debug */,
				3FF011D826C355530036F5CE /* Release */,
			);
			defaultConfigurationIsVisible = 0;
			defaultConfigurationName = Release;
		};
/* End XCConfigurationList section */
	};
	rootObject = 3FF0119E26C355500036F5CE /* Project object */;
}
